
Microsoft Visual Studio Solution File, Format Version 12.00
# Visual Studio Version 16
VisualStudioVersion = 16.0.30621.155
MinimumVisualStudioVersion = 10.0.40219.1
Project("{FAE04EC0-301F-11D3-BF4B-00C04F79EFBC}") = "tk5", "tk5\tk5.csproj", "{A9F82F10-C267-40E7-B179-52C859FA8107}"
EndProject
Global
	GlobalSection(SolutionConfigurationPlatforms) = preSolution
		Debug|Any CPU = Debug|Any CPU
		Release|Any CPU = Release|Any CPU
	EndGlobalSection
	GlobalSection(ProjectConfigurationPlatforms) = postSolution
		{A9F82F10-C267-40E7-B179-52C859FA8107}.Debug|Any CPU.ActiveCfg = Debug|Any CPU
		{A9F82F10-C267-40E7-B179-52C859FA8107}.Debug|Any CPU.Build.0 = Debug|Any CPU
		{A9F82F10-C267-40E7-B179-52C859FA8107}.Release|Any CPU.ActiveCfg = Release|Any CPU
		{A9F82F10-C267-40E7-B179-52C859FA8107}.Release|Any CPU.Build.0 = Release|Any CPU
	EndGlobalSection
	GlobalSection(SolutionProperties) = preSolution
		HideSolutionNode = FALSE
	EndGlobalSection
	GlobalSection(ExtensibilityGlobals) = postSolution
		SolutionGuid = {793A2DC3-D14F-4456-9F7C-164F93BB2BDF}
	EndGlobalSection
EndGlobal
